
Microsoft Visual Studio Solution File, Format Version 12.00
# Visual Studio Version 17
VisualStudioVersion = 17.5.002.0
MinimumVisualStudioVersion = 10.0.40219.1
Project("{9A19103F-16F7-4668-BE54-9A1E7A4F7556}") = "dotnetcoresample", "dotnetcoresample.csproj", "{08485A64-6390-417E-9AA1-25968D0A892F}"
EndProject
Global
	GlobalSection(SolutionConfigurationPlatforms) = preSolution
		Debug|Any CPU = Debug|Any CPU
		Release|Any CPU = Release|Any CPU
	EndGlobalSection
	GlobalSection(ProjectConfigurationPlatforms) = postSolution
		{08485A64-6390-417E-9AA1-25968D0A892F}.Debug|Any CPU.ActiveCfg = Debug|Any CPU
		{08485A64-6390-417E-9AA1-25968D0A892F}.Debug|Any CPU.Build.0 = Debug|Any CPU
		{08485A64-6390-417E-9AA1-25968D0A892F}.Release|Any CPU.ActiveCfg = Release|Any CPU
		{08485A64-6390-417E-9AA1-25968D0A892F}.Release|Any CPU.Build.0 = Release|Any CPU
	EndGlobalSection
	GlobalSection(SolutionProperties) = preSolution
		HideSolutionNode = FALSE
	EndGlobalSection
	GlobalSection(ExtensibilityGlobals) = postSolution
		SolutionGuid = {E4883416-B2B5-4C58-8A5A-2D2453698D76}
	EndGlobalSection
EndGlobal
